PODS:
  - Flutter (1.0.0)
  - papyrus_ios (0.0.1):
    - Flutter

DEPENDENCIES:
  - Flutter (from `Flutter`)
  - papyrus_ios (from `.symlinks/plugins/papyrus_ios/ios`)

EXTERNAL SOURCES:
  Flutter:
    :path: Flutter
  papyrus_ios:
    :path: ".symlinks/plugins/papyrus_ios/ios"

SPEC CHECKSUMS:
  Flutter: cabc95a1d2626b1b06e7179b784ebcf0c0cde467
  papyrus_ios: 1c91a38ff8bbb3767bea2b09629019a7beb7111d

PODFILE CHECKSUM: 3c63482e143d1b91d2d2560aee9fb04ecc74ac7e

COCOAPODS: 1.16.2
