PODS:
  - FlutterMacOS (1.0.0)
  - papyrus_macos (0.0.1):
    - FlutterMacOS

DEPENDENCIES:
  - FlutterMacOS (from `Flutter/ephemeral`)
  - papyrus_macos (from `Flutter/ephemeral/.symlinks/plugins/papyrus_macos/macos`)

EXTERNAL SOURCES:
  FlutterMacOS:
    :path: Flutter/ephemeral
  papyrus_macos:
    :path: Flutter/ephemeral/.symlinks/plugins/papyrus_macos/macos

SPEC CHECKSUMS:
  FlutterMacOS: d0db08ddef1a9af05a5ec4b724367152bb0500b1
  papyrus_macos: 2770aab6116fb2e055c1f55909e407be92f5b865

PODFILE CHECKSUM: 54d867c82ac51cbd61b565781b9fada492027009

COCOAPODS: 1.16.2
